
Microsoft Visual Studio Solution File, Format Version 12.00
# Visual Studio Version 17
VisualStudioVersion = 17.10.35122.118
MinimumVisualStudioVersion = 10.0.40219.1
Project("{9A19103F-16F7-4668-BE54-9A1E7A4F7556}") = "IdentityCore", "IdentityCore\IdentityCore.csproj", "{E4388E03-403E-4E44-908B-735C8BF627B5}"
EndProject
Project("{FAE04EC0-301F-11D3-BF4B-00C04F79EFBC}") = "IdentityCore.EFs", "IdentityCore.EFs\IdentityCore.EFs.csproj", "{017169A4-03AA-4B8D-81ED-B0402BDAB36F}"
EndProject
Project("{FAE04EC0-301F-11D3-BF4B-00C04F79EFBC}") = "IdentityCore.Services", "IdentityCore.Services\IdentityCore.Services.csproj", "{7023EC3C-BE81-448E-9166-4C272D457D72}"
EndProject
Project("{FAE04EC0-301F-11D3-BF4B-00C04F79EFBC}") = "IdentityCore.Business", "IdentityCore.Business\IdentityCore.Business.csproj", "{3FE8585E-F909-4C49-AB3E-50BC8E0F12D7}"
EndProject
Project("{FAE04EC0-301F-11D3-BF4B-00C04F79EFBC}") = "IdentityCore.Repository", "IdentityCore.Repository\IdentityCore.Repository.csproj", "{A4F7460E-5D95-4982-BF6C-7F7B9A59424B}"
EndProject
Project("{FAE04EC0-301F-11D3-BF4B-00C04F79EFBC}") = "IdentityCore.AutoMapper", "IdentityCore.AutoMapper\IdentityCore.AutoMapper.csproj", "{E98BB878-FC87-4C04-B73D-3EDC295B86B6}"
EndProject
Global
	GlobalSection(SolutionConfigurationPlatforms) = preSolution
		Debug|Any CPU = Debug|Any CPU
		Release|Any CPU = Release|Any CPU
	EndGlobalSection
	GlobalSection(ProjectConfigurationPlatforms) = postSolution
		{E4388E03-403E-4E44-908B-735C8BF627B5}.Debug|Any CPU.ActiveCfg = Debug|Any CPU
		{E4388E03-403E-4E44-908B-735C8BF627B5}.Debug|Any CPU.Build.0 = Debug|Any CPU
		{E4388E03-403E-4E44-908B-735C8BF627B5}.Release|Any CPU.ActiveCfg = Release|Any CPU
		{E4388E03-403E-4E44-908B-735C8BF627B5}.Release|Any CPU.Build.0 = Release|Any CPU
		{017169A4-03AA-4B8D-81ED-B0402BDAB36F}.Debug|Any CPU.ActiveCfg = Debug|Any CPU
		{017169A4-03AA-4B8D-81ED-B0402BDAB36F}.Debug|Any CPU.Build.0 = Debug|Any CPU
		{017169A4-03AA-4B8D-81ED-B0402BDAB36F}.Release|Any CPU.ActiveCfg = Release|Any CPU
		{017169A4-03AA-4B8D-81ED-B0402BDAB36F}.Release|Any CPU.Build.0 = Release|Any CPU
		{7023EC3C-BE81-448E-9166-4C272D457D72}.Debug|Any CPU.ActiveCfg = Debug|Any CPU
		{7023EC3C-BE81-448E-9166-4C272D457D72}.Debug|Any CPU.Build.0 = Debug|Any CPU
		{7023EC3C-BE81-448E-9166-4C272D457D72}.Release|Any CPU.ActiveCfg = Release|Any CPU
		{7023EC3C-BE81-448E-9166-4C272D457D72}.Release|Any CPU.Build.0 = Release|Any CPU
		{3FE8585E-F909-4C49-AB3E-50BC8E0F12D7}.Debug|Any CPU.ActiveCfg = Debug|Any CPU
		{3FE8585E-F909-4C49-AB3E-50BC8E0F12D7}.Debug|Any CPU.Build.0 = Debug|Any CPU
		{3FE8585E-F909-4C49-AB3E-50BC8E0F12D7}.Release|Any CPU.ActiveCfg = Release|Any CPU
		{3FE8585E-F909-4C49-AB3E-50BC8E0F12D7}.Release|Any CPU.Build.0 = Release|Any CPU
		{A4F7460E-5D95-4982-BF6C-7F7B9A59424B}.Debug|Any CPU.ActiveCfg = Debug|Any CPU
		{A4F7460E-5D95-4982-BF6C-7F7B9A59424B}.Debug|Any CPU.Build.0 = Debug|Any CPU
		{A4F7460E-5D95-4982-BF6C-7F7B9A59424B}.Release|Any CPU.ActiveCfg = Release|Any CPU
		{A4F7460E-5D95-4982-BF6C-7F7B9A59424B}.Release|Any CPU.Build.0 = Release|Any CPU
		{E98BB878-FC87-4C04-B73D-3EDC295B86B6}.Debug|Any CPU.ActiveCfg = Debug|Any CPU
		{E98BB878-FC87-4C04-B73D-3EDC295B86B6}.Debug|Any CPU.Build.0 = Debug|Any CPU
		{E98BB878-FC87-4C04-B73D-3EDC295B86B6}.Release|Any CPU.ActiveCfg = Release|Any CPU
		{E98BB878-FC87-4C04-B73D-3EDC295B86B6}.Release|Any CPU.Build.0 = Release|Any CPU
	EndGlobalSection
	GlobalSection(SolutionProperties) = preSolution
		HideSolutionNode = FALSE
	EndGlobalSection
	GlobalSection(ExtensibilityGlobals) = postSolution
		SolutionGuid = {4AFD8414-C6B0-435F-BF98-7D81D55F92D6}
	EndGlobalSection
EndGlobal
